// !$*UTF8*$!
{
	archiveVersion = 1;
	classes = {
	};
	objectVersion = 46;
	objects = {

/* Begin PBXBuildFile section */
		DB9495A61C7B21C70081F320 /* main.m in Sources */ = {isa = PBXBuildFile; fileRef = DB9495A51C7B21C70081F320 /* main.m */; };
		DB9495A91C7B21C70081F320 /* AppDelegate.m in Sources */ = {isa = PBXBuildFile; fileRef = DB9495A81C7B21C70081F320 /* AppDelegate.m */; };
		DB9495AC1C7B21C70081F320 /* ViewController.m in Sources */ = {isa = PBXBuildFile; fileRef = DB9495AB1C7B21C70081F320 /* ViewController.m */; };
		DB9495B11C7B21C70081F320 /* Assets.xcassets in Resources */ = {isa = PBXBuildFile; fileRef = DB9495B01C7B21C70081F320 /* Assets.xcassets */; };
		DB9495B41C7B21C70081F320 /* LaunchScreen.storyboard in Resources */ = {isa = PBXBuildFile; fileRef = DB9495B21C7B21C70081F320 /* LaunchScreen.storyboard */; };
		DB9495BF1C7B21C70081F320 /* DLCTabbarControllerUITests.m in Sources */ = {isa = PBXBuildFile; fileRef = DB9495BE1C7B21C70081F320 /* DLCTabbarControllerUITests.m */; };
		DB9495CC1C7C0AB00081F320 /* DLCTabbarController.m in Sources */ = {isa = PBXBuildFile; fileRef = DB9495CB1C7C0AB00081F320 /* DLCTabbarController.m */; };
		DB9495CD1C7C0AB00081F320 /* DLCTabbarController.m in Sources */ = {isa = PBXBuildFile; fileRef = DB9495CB1C7C0AB00081F320 /* DLCTabbarController.m */; };
		DB9495D01C7C0ADE0081F320 /* DLCTabbar.m in Sources */ = {isa = PBXBuildFile; fileRef = DB9495CF1C7C0ADE0081F320 /* DLCTabbar.m */; };
		DB9495D11C7C0ADE0081F320 /* DLCTabbar.m in Sources */ = {isa = PBXBuildFile; fileRef = DB9495CF1C7C0ADE0081F320 /* DLCTabbar.m */; };
		DB9495D41C7C0AF40081F320 /* DLCTabbarItem.m in Sources */ = {isa = PBXBuildFile; fileRef = DB9495D31C7C0AF40081F320 /* DLCTabbarItem.m */; };
		DB9495D51C7C0AF40081F320 /* DLCTabbarItem.m in Sources */ = {isa = PBXBuildFile; fileRef = DB9495D31C7C0AF40081F320 /* DLCTabbarItem.m */; };
/* End PBXBuildFile section */

/* Begin PBXContainerItemProxy section */
		DB9495BB1C7B21C70081F320 /* PBXContainerItemProxy */ = {
			isa = PBXContainerItemProxy;
			containerPortal = DB9495991C7B21C70081F320 /* Project object */;
			proxyType = 1;
			remoteGlobalIDString = DB9495A01C7B21C70081F320;
			remoteInfo = DLCTabbarController;
		};
/* End PBXContainerItemProxy section */

/* Begin PBXFileReference section */
		DB9495A11C7B21C70081F320 /* DLCTabbarController.app */ = {isa = PBXFileReference; explicitFileType = wrapper.application; includeInIndex = 0; path = DLCTabbarController.app; sourceTree = BUILT_PRODUCTS_DIR; };
		DB9495A51C7B21C70081F320 /* main.m */ = {isa = PBXFileReference; lastKnownFileType = sourcecode.c.objc; path = main.m; sourceTree = "<group>"; };
		DB9495A71C7B21C70081F320 /* AppDelegate.h */ = {isa = PBXFileReference; lastKnownFileType = sourcecode.c.h; path = AppDelegate.h; sourceTree = "<group>"; };
		DB9495A81C7B21C70081F320 /* AppDelegate.m */ = {isa = PBXFileReference; lastKnownFileType = sourcecode.c.objc; path = AppDelegate.m; sourceTree = "<group>"; };
		DB9495AA1C7B21C70081F320 /* ViewController.h */ = {isa = PBXFileReference; lastKnownFileType = sourcecode.c.h; path = ViewController.h; sourceTree = "<group>"; };
		DB9495AB1C7B21C70081F320 /* ViewController.m */ = {isa = PBXFileReference; lastKnownFileType = sourcecode.c.objc; path = ViewController.m; sourceTree = "<group>"; };
		DB9495B01C7B21C70081F320 /* Assets.xcassets */ = {isa = PBXFileReference; lastKnownFileType = folder.assetcatalog; path = Assets.xcassets; sourceTree = "<group>"; };
		DB9495B31C7B21C70081F320 /* Base */ = {isa = PBXFileReference; lastKnownFileType = file.storyboard; name = Base; path = Base.lproj/LaunchScreen.storyboard; sourceTree = "<group>"; };
		DB9495B51C7B21C70081F320 /* Info.plist */ = {isa = PBXFileReference; lastKnownFileType = text.plist.xml; path = Info.plist; sourceTree = "<group>"; };
		DB9495BA1C7B21C70081F320 /* DLCTabbarControllerUITests.xctest */ = {isa = PBXFileReference; explicitFileType = wrapper.cfbundle; includeInIndex = 0; path = DLCTabbarControllerUITests.xctest; sourceTree = BUILT_PRODUCTS_DIR; };
		DB9495BE1C7B21C70081F320 /* DLCTabbarControllerUITests.m */ = {isa = PBXFileReference; lastKnownFileType = sourcecode.c.objc; path = DLCTabbarControllerUITests.m; sourceTree = "<group>"; };
		DB9495C01C7B21C70081F320 /* Info.plist */ = {isa = PBXFileReference; lastKnownFileType = text.plist.xml; path = Info.plist; sourceTree = "<group>"; };
		DB9495CA1C7C0AB00081F320 /* DLCTabbarController.h */ = {isa = PBXFileReference; fileEncoding = 4; lastKnownFileType = sourcecode.c.h; path = DLCTabbarController.h; sourceTree = "<group>"; };
		DB9495CB1C7C0AB00081F320 /* DLCTabbarController.m */ = {isa = PBXFileReference; fileEncoding = 4; lastKnownFileType = sourcecode.c.objc; path = DLCTabbarController.m; sourceTree = "<group>"; };
		DB9495CE1C7C0ADE0081F320 /* DLCTabbar.h */ = {isa = PBXFileReference; fileEncoding = 4; lastKnownFileType = sourcecode.c.h; path = DLCTabbar.h; sourceTree = "<group>"; };
		DB9495CF1C7C0ADE0081F320 /* DLCTabbar.m */ = {isa = PBXFileReference; fileEncoding = 4; lastKnownFileType = sourcecode.c.objc; path = DLCTabbar.m; sourceTree = "<group>"; };
		DB9495D21C7C0AF40081F320 /* DLCTabbarItem.h */ = {isa = PBXFileReference; fileEncoding = 4; lastKnownFileType = sourcecode.c.h; path = DLCTabbarItem.h; sourceTree = "<group>"; };
		DB9495D31C7C0AF40081F320 /* DLCTabbarItem.m */ = {isa = PBXFileReference; fileEncoding = 4; lastKnownFileType = sourcecode.c.objc; path = DLCTabbarItem.m; sourceTree = "<group>"; };
/* End PBXFileReference section */

/* Begin PBXFrameworksBuildPhase section */
		DB94959E1C7B21C70081F320 /* Frameworks */ = {
			isa = PBXFrameworksBuildPhase;
			buildActionMask = 2147483647;
			files = (
			);
			runOnlyForDeploymentPostprocessing = 0;
		};
		DB9495B71C7B21C70081F320 /* Frameworks */ = {
			isa = PBXFrameworksBuildPhase;
			buildActionMask = 2147483647;
			files = (
			);
			runOnlyForDeploymentPostprocessing = 0;
		};
/* End PBXFrameworksBuildPhase section */

/* Begin PBXGroup section */
		DB9495981C7B21C70081F320 = {
			isa = PBXGroup;
			children = (
				DB9495A31C7B21C70081F320 /* DLCTabbarController */,
				DB9495BD1C7B21C70081F320 /* DLCTabbarControllerUITests */,
				DB9495A21C7B21C70081F320 /* Products */,
			);
			sourceTree = "<group>";
		};
		DB9495A21C7B21C70081F320 /* Products */ = {
			isa = PBXGroup;
			children = (
				DB9495A11C7B21C70081F320 /* DLCTabbarController.app */,
				DB9495BA1C7B21C70081F320 /* DLCTabbarControllerUITests.xctest */,
			);
			name = Products;
			sourceTree = "<group>";
		};
		DB9495A31C7B21C70081F320 /* DLCTabbarController */ = {
			isa = PBXGroup;
			children = (
				DB9495C91C7C0A8A0081F320 /* DLCTabbarController */,
				DB9495A71C7B21C70081F320 /* AppDelegate.h */,
				DB9495A81C7B21C70081F320 /* AppDelegate.m */,
				DB9495AA1C7B21C70081F320 /* ViewController.h */,
				DB9495AB1C7B21C70081F320 /* ViewController.m */,
				DB9495B01C7B21C70081F320 /* Assets.xcassets */,
				DB9495B21C7B21C70081F320 /* LaunchScreen.storyboard */,
				DB9495B51C7B21C70081F320 /* Info.plist */,
				DB9495A41C7B21C70081F320 /* Supporting Files */,
			);
			path = DLCTabbarController;
			sourceTree = "<group>";
		};
		DB9495A41C7B21C70081F320 /* Supporting Files */ = {
			isa = PBXGroup;
			children = (
				DB9495A51C7B21C70081F320 /* main.m */,
			);
			name = "Supporting Files";
			sourceTree = "<group>";
		};
		DB9495BD1C7B21C70081F320 /* DLCTabbarControllerUITests */ = {
			isa = PBXGroup;
			children = (
				DB9495BE1C7B21C70081F320 /* DLCTabbarControllerUITests.m */,
				DB9495C01C7B21C70081F320 /* Info.plist */,
			);
			path = DLCTabbarControllerUITests;
			sourceTree = "<group>";
		};
		DB9495C91C7C0A8A0081F320 /* DLCTabbarController */ = {
			isa = PBXGroup;
			children = (
				DB9495CA1C7C0AB00081F320 /* DLCTabbarController.h */,
				DB9495CB1C7C0AB00081F320 /* DLCTabbarController.m */,
				DB9495CE1C7C0ADE0081F320 /* DLCTabbar.h */,
				DB9495CF1C7C0ADE0081F320 /* DLCTabbar.m */,
				DB9495D21C7C0AF40081F320 /* DLCTabbarItem.h */,
				DB9495D31C7C0AF40081F320 /* DLCTabbarItem.m */,
			);
			path = DLCTabbarController;
			sourceTree = "<group>";
		};
/* End PBXGroup section */

/* Begin PBXNativeTarget section */
		DB9495A01C7B21C70081F320 /* DLCTabbarController */ = {
			isa = PBXNativeTarget;
			buildConfigurationList = DB9495C31C7B21C70081F320 /* Build configuration list for PBXNativeTarget "DLCTabbarController" */;
			buildPhases = (
				DB94959D1C7B21C70081F320 /* Sources */,
				DB94959E1C7B21C70081F320 /* Frameworks */,
				DB94959F1C7B21C70081F320 /* Resources */,
			);
			buildRules = (
			);
			dependencies = (
			);
			name = DLCTabbarController;
			productName = DLCTabbarController;
			productReference = DB9495A11C7B21C70081F320 /* DLCTabbarController.app */;
			productType = "com.apple.product-type.application";
		};
		DB9495B91C7B21C70081F320 /* DLCTabbarControllerUITests */ = {
			isa = PBXNativeTarget;
			buildConfigurationList = DB9495C61C7B21C70081F320 /* Build configuration list for PBXNativeTarget "DLCTabbarControllerUITests" */;
			buildPhases = (
				DB9495B61C7B21C70081F320 /* Sources */,
				DB9495B71C7B21C70081F320 /* Frameworks */,
				DB9495B81C7B21C70081F320 /* Resources */,
			);
			buildRules = (
			);
			dependencies = (
				DB9495BC1C7B21C70081F320 /* PBXTargetDependency */,
			);
			name = DLCTabbarControllerUITests;
			productName = DLCTabbarControllerUITests;
			productReference = DB9495BA1C7B21C70081F320 /* DLCTabbarControllerUITests.xctest */;
			productType = "com.apple.product-type.bundle.ui-testing";
		};
/* End PBXNativeTarget section */

/* Begin PBXProject section */
		DB9495991C7B21C70081F320 /* Project object */ = {
			isa = PBXProject;
			attributes = {
				LastUpgradeCheck = 0720;
				ORGANIZATIONNAME = zhangdl;
				TargetAttributes = {
					DB9495A01C7B21C70081F320 = {
						CreatedOnToolsVersion = 7.2.1;
					};
					DB9495B91C7B21C70081F320 = {
						CreatedOnToolsVersion = 7.2.1;
						TestTargetID = DB9495A01C7B21C70081F320;
					};
				};
			};
			buildConfigurationList = DB94959C1C7B21C70081F320 /* Build configuration list for PBXProject "DLCTabbarController" */;
			compatibilityVersion = "Xcode 3.2";
			developmentRegion = English;
			hasScannedForEncodings = 0;
			knownRegions = (
				en,
				Base,
			);
			mainGroup = DB9495981C7B21C70081F320;
			productRefGroup = DB9495A21C7B21C70081F320 /* Products */;
			projectDirPath = "";
			projectRoot = "";
			targets = (
				DB9495A01C7B21C70081F320 /* DLCTabbarController */,
				DB9495B91C7B21C70081F320 /* DLCTabbarControllerUITests */,
			);
		};
/* End PBXProject section */

/* Begin PBXResourcesBuildPhase section */
		DB94959F1C7B21C70081F320 /* Resources */ = {
			isa = PBXResourcesBuildPhase;
			buildActionMask = 2147483647;
			files = (
				DB9495B41C7B21C70081F320 /* LaunchScreen.storyboard in Resources */,
				DB9495B11C7B21C70081F320 /* Assets.xcassets in Resources */,
			);
			runOnlyForDeploymentPostprocessing = 0;
		};
		DB9495B81C7B21C70081F320 /* Resources */ = {
			isa = PBXResourcesBuildPhase;
			buildActionMask = 2147483647;
			files = (
			);
			runOnlyForDeploymentPostprocessing = 0;
		};
/* End PBXResourcesBuildPhase section */

/* Begin PBXSourcesBuildPhase section */
		DB94959D1C7B21C70081F320 /* Sources */ = {
			isa = PBXSourcesBuildPhase;
			buildActionMask = 2147483647;
			files = (
				DB9495D41C7C0AF40081F320 /* DLCTabbarItem.m in Sources */,
				DB9495AC1C7B21C70081F320 /* ViewController.m in Sources */,
				DB9495D01C7C0ADE0081F320 /* DLCTabbar.m in Sources */,
				DB9495A91C7B21C70081F320 /* AppDelegate.m in Sources */,
				DB9495A61C7B21C70081F320 /* main.m in Sources */,
				DB9495CC1C7C0AB00081F320 /* DLCTabbarController.m in Sources */,
			);
			runOnlyForDeploymentPostprocessing = 0;
		};
		DB9495B61C7B21C70081F320 /* Sources */ = {
			isa = PBXSourcesBuildPhase;
			buildActionMask = 2147483647;
			files = (
				DB9495D51C7C0AF40081F320 /* DLCTabbarItem.m in Sources */,
				DB9495BF1C7B21C70081F320 /* DLCTabbarControllerUITests.m in Sources */,
				DB9495D11C7C0ADE0081F320 /* DLCTabbar.m in Sources */,
				DB9495CD1C7C0AB00081F320 /* DLCTabbarController.m in Sources */,
			);
			runOnlyForDeploymentPostprocessing = 0;
		};
/* End PBXSourcesBuildPhase section */

/* Begin PBXTargetDependency section */
		DB9495BC1C7B21C70081F320 /* PBXTargetDependency */ = {
			isa = PBXTargetDependency;
			target = DB9495A01C7B21C70081F320 /* DLCTabbarController */;
			targetProxy = DB9495BB1C7B21C70081F320 /* PBXContainerItemProxy */;
		};
/* End PBXTargetDependency section */

/* Begin PBXVariantGroup section */
		DB9495B21C7B21C70081F320 /* LaunchScreen.storyboard */ = {
			isa = PBXVariantGroup;
			children = (
				DB9495B31C7B21C70081F320 /* Base */,
			);
			name = LaunchScreen.storyboard;
			sourceTree = "<group>";
		};
/* End PBXVariantGroup section */

/* Begin XCBuildConfiguration section */
		DB9495C11C7B21C70081F320 /* Debug */ = {
			isa = XCBuildConfiguration;
			buildSettings = {
				ALWAYS_SEARCH_USER_PATHS = NO;
				CLANG_CXX_LANGUAGE_STANDARD = "gnu++0x";
				CLANG_CXX_LIBRARY = "libc++";
				CLANG_ENABLE_MODULES = YES;
				CLANG_ENABLE_OBJC_ARC = YES;
				CLANG_WARN_BOOL_CONVERSION = YES;
				CLANG_WARN_CONSTANT_CONVERSION = YES;
				CLANG_WARN_DIRECT_OBJC_ISA_USAGE = YES_ERROR;
				CLANG_WARN_EMPTY_BODY = YES;
				CLANG_WARN_ENUM_CONVERSION = YES;
				CLANG_WARN_INT_CONVERSION = YES;
				CLANG_WARN_OBJC_ROOT_CLASS = YES_ERROR;
				CLANG_WARN_UNREACHABLE_CODE = YES;
				CLANG_WARN__DUPLICATE_METHOD_MATCH = YES;
				"CODE_SIGN_IDENTITY[sdk=iphoneos*]" = "iPhone Developer";
				COPY_PHASE_STRIP = NO;
				DEBUG_INFORMATION_FORMAT = dwarf;
				ENABLE_STRICT_OBJC_MSGSEND = YES;
				ENABLE_TESTABILITY = YES;
				GCC_C_LANGUAGE_STANDARD = gnu99;
				GCC_DYNAMIC_NO_PIC = NO;
				GCC_NO_COMMON_BLOCKS = YES;
				GCC_OPTIMIZATION_LEVEL = 0;
				GCC_PREPROCESSOR_DEFINITIONS = (
					"DEBUG=1",
					"$(inherited)",
				);
				GCC_WARN_64_TO_32_BIT_CONVERSION = YES;
				GCC_WARN_ABOUT_RETURN_TYPE = YES_ERROR;
				GCC_WARN_UNDECLARED_SELECTOR = YES;
				GCC_WARN_UNINITIALIZED_AUTOS = YES_AGGRESSIVE;
				GCC_WARN_UNUSED_FUNCTION = YES;
				GCC_WARN_UNUSED_VARIABLE = YES;
				IPHONEOS_DEPLOYMENT_TARGET = 9.2;
				MTL_ENABLE_DEBUG_INFO = YES;
				ONLY_ACTIVE_ARCH = YES;
				SDKROOT = iphoneos;
			};
			name = Debug;
		};
		DB9495C21C7B21C70081F320 /* Release */ = {
			isa = XCBuildConfiguration;
			buildSettings = {
				ALWAYS_SEARCH_USER_PATHS = NO;
				CLANG_CXX_LANGUAGE_STANDARD = "gnu++0x";
				CLANG_CXX_LIBRARY = "libc++";
				CLANG_ENABLE_MODULES = YES;
				CLANG_ENABLE_OBJC_ARC = YES;
				CLANG_WARN_BOOL_CONVERSION = YES;
				CLANG_WARN_CONSTANT_CONVERSION = YES;
				CLANG_WARN_DIRECT_OBJC_ISA_USAGE = YES_ERROR;
				CLANG_WARN_EMPTY_BODY = YES;
				CLANG_WARN_ENUM_CONVERSION = YES;
				CLANG_WARN_INT_CONVERSION = YES;
				CLANG_WARN_OBJC_ROOT_CLASS = YES_ERROR;
				CLANG_WARN_UNREACHABLE_CODE = YES;
				CLANG_WARN__DUPLICATE_METHOD_MATCH = YES;
				"CODE_SIGN_IDENTITY[sdk=iphoneos*]" = "iPhone Developer";
				COPY_PHASE_STRIP = NO;
				DEBUG_INFORMATION_FORMAT = "dwarf-with-dsym";
				ENABLE_NS_ASSERTIONS = NO;
				ENABLE_STRICT_OBJC_MSGSEND = YES;
				GCC_C_LANGUAGE_STANDARD = gnu99;
				GCC_NO_COMMON_BLOCKS = YES;
				GCC_WARN_64_TO_32_BIT_CONVERSION = YES;
				GCC_WARN_ABOUT_RETURN_TYPE = YES_ERROR;
				GCC_WARN_UNDECLARED_SELECTOR = YES;
				GCC_WARN_UNINITIALIZED_AUTOS = YES_AGGRESSIVE;
				GCC_WARN_UNUSED_FUNCTION = YES;
				GCC_WARN_UNUSED_VARIABLE = YES;
				IPHONEOS_DEPLOYMENT_TARGET = 9.2;
				MTL_ENABLE_DEBUG_INFO = NO;
				SDKROOT = iphoneos;
				VALIDATE_PRODUCT = YES;
			};
			name = Release;
		};
		DB9495C41C7B21C70081F320 /* Debug */ = {
			isa = XCBuildConfiguration;
			buildSettings = {
				ASSETCATALOG_COMPILER_APPICON_NAME = AppIcon;
				INFOPLIST_FILE = DLCTabbarController/Info.plist;
				LD_RUNPATH_SEARCH_PATHS = "$(inherited) @executable_path/Frameworks";
				PRODUCT_BUNDLE_IDENTIFIER = com.mtime.DLCTabbarController;
				PRODUCT_NAME = "$(TARGET_NAME)";
				TARGETED_DEVICE_FAMILY = 1;
			};
			name = Debug;
		};
		DB9495C51C7B21C70081F320 /* Release */ = {
			isa = XCBuildConfiguration;
			buildSettings = {
				ASSETCATALOG_COMPILER_APPICON_NAME = AppIcon;
				INFOPLIST_FILE = DLCTabbarController/Info.plist;
				LD_RUNPATH_SEARCH_PATHS = "$(inherited) @executable_path/Frameworks";
				PRODUCT_BUNDLE_IDENTIFIER = com.mtime.DLCTabbarController;
				PRODUCT_NAME = "$(TARGET_NAME)";
				TARGETED_DEVICE_FAMILY = 1;
			};
			name = Release;
		};
		DB9495C71C7B21C70081F320 /* Debug */ = {
			isa = XCBuildConfiguration;
			buildSettings = {
				INFOPLIST_FILE = DLCTabbarControllerUITests/Info.plist;
				LD_RUNPATH_SEARCH_PATHS = "$(inherited) @executable_path/Frameworks @loader_path/Frameworks";
				PRODUCT_BUNDLE_IDENTIFIER = com.mtime.DLCTabbarControllerUITests;
				PRODUCT_NAME = "$(TARGET_NAME)";
				TEST_TARGET_NAME = DLCTabbarController;
				USES_XCTRUNNER = YES;
			};
			name = Debug;
		};
		DB9495C81C7B21C70081F320 /* Release */ = {
			isa = XCBuildConfiguration;
			buildSettings = {
				INFOPLIST_FILE = DLCTabbarControllerUITests/Info.plist;
				LD_RUNPATH_SEARCH_PATHS = "$(inherited) @executable_path/Frameworks @loader_path/Frameworks";
				PRODUCT_BUNDLE_IDENTIFIER = com.mtime.DLCTabbarControllerUITests;
				PRODUCT_NAME = "$(TARGET_NAME)";
				TEST_TARGET_NAME = DLCTabbarController;
				USES_XCTRUNNER = YES;
			};
			name = Release;
		};
/* End XCBuildConfiguration section */

/* Begin XCConfigurationList section */
		DB94959C1C7B21C70081F320 /* Build configuration list for PBXProject "DLCTabbarController" */ = {
			isa = XCConfigurationList;
			buildConfigurations = (
				DB9495C11C7B21C70081F320 /* Debug */,
				DB9495C21C7B21C70081F320 /* Release */,
			);
			defaultConfigurationIsVisible = 0;
			defaultConfigurationName = Release;
		};
		DB9495C31C7B21C70081F320 /* Build configuration list for PBXNativeTarget "DLCTabbarController" */ = {
			isa = XCConfigurationList;
			buildConfigurations = (
				DB9495C41C7B21C70081F320 /* Debug */,
				DB9495C51C7B21C70081F320 /* Release */,
			);
			defaultConfigurationIsVisible = 0;
		};
		DB9495C61C7B21C70081F320 /* Build configuration list for PBXNativeTarget "DLCTabbarControllerUITests" */ = {
			isa = XCConfigurationList;
			buildConfigurations = (
				DB9495C71C7B21C70081F320 /* Debug */,
				DB9495C81C7B21C70081F320 /* Release */,
			);
			defaultConfigurationIsVisible = 0;
		};
/* End XCConfigurationList section */
	};
	rootObject = DB9495991C7B21C70081F320 /* Project object */;
}
